
Microsoft Visual Studio Solution File, Format Version 12.00
# Visual Studio Version 17
VisualStudioVersion = 17.1.32210.238
MinimumVisualStudioVersion = 10.0.40219.1
Project("{9A19103F-16F7-4668-BE54-9A1E7A4F7556}") = "TicTacToe_Library", "TicTacToe_Library\TicTacToe_Library.csproj", "{1FFAB230-2F15-4F57-B67B-A5A33BEF3196}"
EndProject
Project("{9A19103F-16F7-4668-BE54-9A1E7A4F7556}") = "TicTacToe_Server", "TicTacToe_Server\TicTacToe_Server.csproj", "{A6086E91-AE2B-4681-99FA-02094032B74E}"
EndProject
Global
	GlobalSection(SolutionConfigurationPlatforms) = preSolution
		Debug|Any CPU = Debug|Any CPU
		Release|Any CPU = Release|Any CPU
	EndGlobalSection
	GlobalSection(ProjectConfigurationPlatforms) = postSolution
		{1FFAB230-2F15-4F57-B67B-A5A33BEF3196}.Debug|Any CPU.ActiveCfg = Debug|Any CPU
		{1FFAB230-2F15-4F57-B67B-A5A33BEF3196}.Debug|Any CPU.Build.0 = Debug|Any CPU
		{1FFAB230-2F15-4F57-B67B-A5A33BEF3196}.Release|Any CPU.ActiveCfg = Release|Any CPU
		{1FFAB230-2F15-4F57-B67B-A5A33BEF3196}.Release|Any CPU.Build.0 = Release|Any CPU
		{A6086E91-AE2B-4681-99FA-02094032B74E}.Debug|Any CPU.ActiveCfg = Debug|Any CPU
		{A6086E91-AE2B-4681-99FA-02094032B74E}.Debug|Any CPU.Build.0 = Debug|Any CPU
		{A6086E91-AE2B-4681-99FA-02094032B74E}.Release|Any CPU.ActiveCfg = Release|Any CPU
		{A6086E91-AE2B-4681-99FA-02094032B74E}.Release|Any CPU.Build.0 = Release|Any CPU
	EndGlobalSection
	GlobalSection(SolutionProperties) = preSolution
		HideSolutionNode = FALSE
	EndGlobalSection
	GlobalSection(ExtensibilityGlobals) = postSolution
		SolutionGuid = {630ECA1D-A3AF-4D84-86E3-A1C1BB24B933}
	EndGlobalSection
EndGlobal
